
Microsoft Visual Studio Solution File, Format Version 10.00
# Visual Studio 2008
Project("{8BC9CEB8-8B4A-11D0-8D11-00A0C91BC942}") = "TRY01GLOBE", "TRY01GLOBE.vcproj", "{854E3E69-182B-48EA-817C-463D50BA3313}"
EndProject
Global
	GlobalSection(SolutionConfigurationPlatforms) = preSolution
		Debug|Win32 = Debug|Win32
		Release|Win32 = Release|Win32
	EndGlobalSection
	GlobalSection(ProjectConfigurationPlatforms) = postSolution
		{854E3E69-182B-48EA-817C-463D50BA3313}.Debug|Win32.ActiveCfg = Debug|Win32
		{854E3E69-182B-48EA-817C-463D50BA3313}.Debug|Win32.Build.0 = Debug|Win32
		{854E3E69-182B-48EA-817C-463D50BA3313}.Release|Win32.ActiveCfg = Release|Win32
		{854E3E69-182B-48EA-817C-463D50BA3313}.Release|Win32.Build.0 = Release|Win32
	EndGlobalSection
	GlobalSection(SolutionProperties) = preSolution
		HideSolutionNode = FALSE
	EndGlobalSection
EndGlobal
